
Microsoft Visual Studio Solution File, Format Version 12.00
# Visual Studio Version 17
VisualStudioVersion = 17.3.32929.385
MinimumVisualStudioVersion = 10.0.40219.1
Project("{FAE04EC0-301F-11D3-BF4B-00C04F79EFBC}") = "webapp", "webapp\webapp.csproj", "{2AD04980-C1DD-4E44-9CAE-D103F62CC07F}"
EndProject
Global
	GlobalSection(SolutionConfigurationPlatforms) = preSolution
		Debug|Any CPU = Debug|Any CPU
		Release|Any CPU = Release|Any CPU
	EndGlobalSection
	GlobalSection(ProjectConfigurationPlatforms) = postSolution
		{2AD04980-C1DD-4E44-9CAE-D103F62CC07F}.Debug|Any CPU.ActiveCfg = Debug|Any CPU
		{2AD04980-C1DD-4E44-9CAE-D103F62CC07F}.Debug|Any CPU.Build.0 = Debug|Any CPU
		{2AD04980-C1DD-4E44-9CAE-D103F62CC07F}.Release|Any CPU.ActiveCfg = Release|Any CPU
		{2AD04980-C1DD-4E44-9CAE-D103F62CC07F}.Release|Any CPU.Build.0 = Release|Any CPU
	EndGlobalSection
	GlobalSection(SolutionProperties) = preSolution
		HideSolutionNode = FALSE
	EndGlobalSection
	GlobalSection(ExtensibilityGlobals) = postSolution
		SolutionGuid = {0F8FFCA9-2AB9-466B-BF03-1DF41834551E}
	EndGlobalSection
EndGlobal
